{
  "object": {
    "pins": [
      {
        "package": "HTMLKit",
        "repositoryURL": "https://github.com/vapor-community/HTMLKit",
        "state": {
          "branch": null,
          "revision": "896997def17a160a36309074bfdfc9945187c994",
          "version": "2.1.5"
        }
      },
      {
        "package": "Lingo",
        "repositoryURL": "https://github.com/miroslavkovac/Lingo.git",
        "state": {
          "branch": null,
          "revision": "e4b032f65bde917209a1cb0962c0fd13fa0add2f",
          "version": "3.1.0"
        }
      }
    ]
  },
  "version": 1
}
